
Microsoft Visual Studio Solution File, Format Version 12.00
# Visual Studio Version 17
VisualStudioVersion = 17.4.33213.308
MinimumVisualStudioVersion = 10.0.40219.1
Project("{9A19103F-16F7-4668-BE54-9A1E7A4F7556}") = "TicTacToe.Functions", "TicTacToe.Functions\TicTacToe.Functions.csproj", "{DFA80867-D01A-44CF-84B0-809A06A9EA13}"
EndProject
Project("{9A19103F-16F7-4668-BE54-9A1E7A4F7556}") = "TicTacToe.Blazor", "TicTacToe.Blazor\TicTacToe.Blazor.csproj", "{0C3F0229-BD68-47A5-9F44-6E014BC6296B}"
EndProject
Project("{9A19103F-16F7-4668-BE54-9A1E7A4F7556}") = "TicTacToe.Shared", "TicTacToe.Shared\TicTacToe.Shared.csproj", "{91C204C2-879A-42C8-AEE5-316BFAB278AF}"
EndProject
Global
	GlobalSection(SolutionConfigurationPlatforms) = preSolution
		Debug|Any CPU = Debug|Any CPU
		Release|Any CPU = Release|Any CPU
	EndGlobalSection
	GlobalSection(ProjectConfigurationPlatforms) = postSolution
		{DFA80867-D01A-44CF-84B0-809A06A9EA13}.Debug|Any CPU.ActiveCfg = Debug|Any CPU
		{DFA80867-D01A-44CF-84B0-809A06A9EA13}.Debug|Any CPU.Build.0 = Debug|Any CPU
		{DFA80867-D01A-44CF-84B0-809A06A9EA13}.Release|Any CPU.ActiveCfg = Release|Any CPU
		{DFA80867-D01A-44CF-84B0-809A06A9EA13}.Release|Any CPU.Build.0 = Release|Any CPU
		{0C3F0229-BD68-47A5-9F44-6E014BC6296B}.Debug|Any CPU.ActiveCfg = Debug|Any CPU
		{0C3F0229-BD68-47A5-9F44-6E014BC6296B}.Debug|Any CPU.Build.0 = Debug|Any CPU
		{0C3F0229-BD68-47A5-9F44-6E014BC6296B}.Release|Any CPU.ActiveCfg = Release|Any CPU
		{0C3F0229-BD68-47A5-9F44-6E014BC6296B}.Release|Any CPU.Build.0 = Release|Any CPU
		{91C204C2-879A-42C8-AEE5-316BFAB278AF}.Debug|Any CPU.ActiveCfg = Debug|Any CPU
		{91C204C2-879A-42C8-AEE5-316BFAB278AF}.Debug|Any CPU.Build.0 = Debug|Any CPU
		{91C204C2-879A-42C8-AEE5-316BFAB278AF}.Release|Any CPU.ActiveCfg = Release|Any CPU
		{91C204C2-879A-42C8-AEE5-316BFAB278AF}.Release|Any CPU.Build.0 = Release|Any CPU
	EndGlobalSection
	GlobalSection(SolutionProperties) = preSolution
		HideSolutionNode = FALSE
	EndGlobalSection
	GlobalSection(ExtensibilityGlobals) = postSolution
		SolutionGuid = {6267617A-D71A-48BD-B3EE-25F17135A8BA}
	EndGlobalSection
EndGlobal
